{
  "name": "Girdled-Armadilo.github.io",
  "lockfileVersion": 3,
  "requires": true,
  "packages": {
    "": {
      "dependencies": {
        "latex.css": "^1.11.0"
      }
    },
    "node_modules/latex.css": {
      "version": "1.11.0",
      "resolved": "https://registry.npmjs.org/latex.css/-/latex.css-1.11.0.tgz",
      "integrity": "sha512-94bTsUV8Bf2p3lvnXxAl4NFnvhcAs1uAK01NxnosTuQ50mcVJFXpbS7SbpBuBuM69J/jBB00fzTCkcfh8DjWRQ=="
    }
  }
}
